{
  "nodes": {
    "nixpkgs": {
      "locked": {
        "lastModified": 1665701721,
        "narHash": "sha256-D8IA+oeofz7LVfdtONBCYUArH4tQQMV+NNLOGhA/BqY=",
        "owner": "NixOS",
        "repo": "nixpkgs",
        "rev": "3e3ef781eab85d41e4b6f0c2a4e7ed5d22aab04c",
        "type": "github"
      },
      "original": {
        "owner": "NixOS",
        "ref": "release-22.05",
        "repo": "nixpkgs",
        "type": "github"
      }
    },
    "root": {
      "inputs": {
        "nixpkgs": "nixpkgs"
      }
    }
  },
  "root": "root",
  "version": 7
}
