{
  "name": "elm-json",
  "version": "0.2.13",
  "lockfileVersion": 2,
  "requires": true,
  "packages": {
    "": {
      "name": "elm-json",
      "version": "0.2.13",
      "hasInstallScript": true,
      "license": "MIT",
      "bin": {
        "elm-json": "bin/elm-json"
      },
      "optionalDependencies": {
        "@zwilias/elm-json-darwin-arm64": "0.2.13",
        "@zwilias/elm-json-darwin-x64": "0.2.13",
        "@zwilias/elm-json-linux-arm64": "0.2.13",
        "@zwilias/elm-json-linux-x64": "0.2.13",
        "@zwilias/elm-json-win32-x64": "0.2.13"
      }
    }
  }
}
